
Microsoft Visual Studio Solution File, Format Version 12.00
# Visual Studio Version 17
VisualStudioVersion = 17.4.33213.308
MinimumVisualStudioVersion = 10.0.40219.1
Project("{FAE04EC0-301F-11D3-BF4B-00C04F79EFBC}") = "SimpleBank", "SimpleBank\SimpleBank.csproj", "{A1736B3D-620A-46A9-AD16-21ED795D92A7}"
EndProject
Project("{FAE04EC0-301F-11D3-BF4B-00C04F79EFBC}") = "SimpleBank UnitTest", "SimpleBank UnitTest\SimpleBank UnitTest.csproj", "{955EE655-501D-426D-8305-A63B91F6AA86}"
EndProject
Global
	GlobalSection(SolutionConfigurationPlatforms) = preSolution
		Debug|Any CPU = Debug|Any CPU
		Release|Any CPU = Release|Any CPU
	EndGlobalSection
	GlobalSection(ProjectConfigurationPlatforms) = postSolution
		{A1736B3D-620A-46A9-AD16-21ED795D92A7}.Debug|Any CPU.ActiveCfg = Debug|Any CPU
		{A1736B3D-620A-46A9-AD16-21ED795D92A7}.Debug|Any CPU.Build.0 = Debug|Any CPU
		{A1736B3D-620A-46A9-AD16-21ED795D92A7}.Release|Any CPU.ActiveCfg = Release|Any CPU
		{A1736B3D-620A-46A9-AD16-21ED795D92A7}.Release|Any CPU.Build.0 = Release|Any CPU
		{955EE655-501D-426D-8305-A63B91F6AA86}.Debug|Any CPU.ActiveCfg = Debug|Any CPU
		{955EE655-501D-426D-8305-A63B91F6AA86}.Debug|Any CPU.Build.0 = Debug|Any CPU
		{955EE655-501D-426D-8305-A63B91F6AA86}.Release|Any CPU.ActiveCfg = Release|Any CPU
		{955EE655-501D-426D-8305-A63B91F6AA86}.Release|Any CPU.Build.0 = Release|Any CPU
	EndGlobalSection
	GlobalSection(SolutionProperties) = preSolution
		HideSolutionNode = FALSE
	EndGlobalSection
	GlobalSection(ExtensibilityGlobals) = postSolution
		SolutionGuid = {FB4160DB-430B-41F7-AF33-58227DB42F64}
	EndGlobalSection
EndGlobal
